
Microsoft Visual Studio Solution File, Format Version 12.00
# Visual Studio Version 16
VisualStudioVersion = 16.0.28714.193
MinimumVisualStudioVersion = 10.0.40219.1
Project("{FAE04EC0-301F-11D3-BF4B-00C04F79EFBC}") = "PlanConsole", "PlanConsole\PlanConsole.csproj", "{CBDA398F-67FF-4849-A08A-8D36445B27A1}"
EndProject
Global
	GlobalSection(SolutionConfigurationPlatforms) = preSolution
		Debug|Any CPU = Debug|Any CPU
		Release|Any CPU = Release|Any CPU
	EndGlobalSection
	GlobalSection(ProjectConfigurationPlatforms) = postSolution
		{CBDA398F-67FF-4849-A08A-8D36445B27A1}.Debug|Any CPU.ActiveCfg = Debug|Any CPU
		{CBDA398F-67FF-4849-A08A-8D36445B27A1}.Debug|Any CPU.Build.0 = Debug|Any CPU
		{CBDA398F-67FF-4849-A08A-8D36445B27A1}.Release|Any CPU.ActiveCfg = Release|Any CPU
		{CBDA398F-67FF-4849-A08A-8D36445B27A1}.Release|Any CPU.Build.0 = Release|Any CPU
	EndGlobalSection
	GlobalSection(SolutionProperties) = preSolution
		HideSolutionNode = FALSE
	EndGlobalSection
	GlobalSection(ExtensibilityGlobals) = postSolution
		SolutionGuid = {8F9F1DB3-E1CC-48AB-977B-D81342BE9295}
	EndGlobalSection
EndGlobal
